
Microsoft Visual Studio Solution File, Format Version 12.00
# Visual Studio 15
VisualStudioVersion = 15.0.27004.2005
MinimumVisualStudioVersion = 10.0.40219.1
Project("{FAE04EC0-301F-11D3-BF4B-00C04F79EFBC}") = "cinema", "cinema\cinema.csproj", "{840A888D-53DE-4D49-9F81-F964C051271C}"
EndProject
Global
	GlobalSection(SolutionConfigurationPlatforms) = preSolution
		Debug|Any CPU = Debug|Any CPU
		Release|Any CPU = Release|Any CPU
	EndGlobalSection
	GlobalSection(ProjectConfigurationPlatforms) = postSolution
		{840A888D-53DE-4D49-9F81-F964C051271C}.Debug|Any CPU.ActiveCfg = Debug|Any CPU
		{840A888D-53DE-4D49-9F81-F964C051271C}.Debug|Any CPU.Build.0 = Debug|Any CPU
		{840A888D-53DE-4D49-9F81-F964C051271C}.Release|Any CPU.ActiveCfg = Release|Any CPU
		{840A888D-53DE-4D49-9F81-F964C051271C}.Release|Any CPU.Build.0 = Release|Any CPU
	EndGlobalSection
	GlobalSection(SolutionProperties) = preSolution
		HideSolutionNode = FALSE
	EndGlobalSection
	GlobalSection(ExtensibilityGlobals) = postSolution
		SolutionGuid = {68F66AEF-6E6C-43C0-86E6-07B47132157B}
	EndGlobalSection
EndGlobal
